Microsoft Visual Studio Solution File, Format Version 12.00
# Visual Studio 15
VisualStudioVersion = 15.0.26206.0
MinimumVisualStudioVersion = 15.0.26124.0
Project("{2150E333-8FDC-42A3-9474-1A3956D46DE8}") = "src", "src", "{EC935BFF-053E-4F42-B5C3-0DD286C051EE}"
EndProject
Project("{13B669BE-BB05-4DDF-9536-439F39A36129}") = "Rastrum.Web", "src\Rastrum.Web\Rastrum.Web.csproj", "{465F890A-D16F-4DA9-99C2-A2135F971149}"
EndProject
Project("{FAE04EC0-301F-11D3-BF4B-00C04F79EFBC}") = "Rastrum.Api", "Rastrum.Api\Rastrum.Api.csproj", "{89296400-A904-4C98-9ADD-9A66DF63E50C}"
EndProject
Project("{E53339B2-1760-4266-BCC7-CA923CBCF16C}") = "docker-compose", "docker-compose.dcproj", "{BFBB3A92-2F0D-4891-AF1E-A1067E9A1857}"
EndProject
Global
	GlobalSection(SolutionConfigurationPlatforms) = preSolution
		Debug|Any CPU = Debug|Any CPU
		Debug|x64 = Debug|x64
		Debug|x86 = Debug|x86
		Release|Any CPU = Release|Any CPU
		Release|x64 = Release|x64
		Release|x86 = Release|x86
	EndGlobalSection
	GlobalSection(ProjectConfigurationPlatforms) = postSolution
		{465F890A-D16F-4DA9-99C2-A2135F971149}.Debug|Any CPU.ActiveCfg = Debug|Any CPU
		{465F890A-D16F-4DA9-99C2-A2135F971149}.Debug|Any CPU.Build.0 = Debug|Any CPU
		{465F890A-D16F-4DA9-99C2-A2135F971149}.Debug|x64.ActiveCfg = Debug|x64
		{465F890A-D16F-4DA9-99C2-A2135F971149}.Debug|x64.Build.0 = Debug|x64
		{465F890A-D16F-4DA9-99C2-A2135F971149}.Debug|x86.ActiveCfg = Debug|x86
		{465F890A-D16F-4DA9-99C2-A2135F971149}.Debug|x86.Build.0 = Debug|x86
		{465F890A-D16F-4DA9-99C2-A2135F971149}.Release|Any CPU.ActiveCfg = Release|Any CPU
		{465F890A-D16F-4DA9-99C2-A2135F971149}.Release|Any CPU.Build.0 = Release|Any CPU
		{465F890A-D16F-4DA9-99C2-A2135F971149}.Release|x64.ActiveCfg = Release|x64
		{465F890A-D16F-4DA9-99C2-A2135F971149}.Release|x64.Build.0 = Release|x64
		{465F890A-D16F-4DA9-99C2-A2135F971149}.Release|x86.ActiveCfg = Release|x86
		{465F890A-D16F-4DA9-99C2-A2135F971149}.Release|x86.Build.0 = Release|x86
		{89296400-A904-4C98-9ADD-9A66DF63E50C}.Debug|Any CPU.ActiveCfg = Debug|Any CPU
		{89296400-A904-4C98-9ADD-9A66DF63E50C}.Debug|Any CPU.Build.0 = Debug|Any CPU
		{89296400-A904-4C98-9ADD-9A66DF63E50C}.Debug|x64.ActiveCfg = Debug|x64
		{89296400-A904-4C98-9ADD-9A66DF63E50C}.Debug|x64.Build.0 = Debug|x64
		{89296400-A904-4C98-9ADD-9A66DF63E50C}.Debug|x86.ActiveCfg = Debug|x86
		{89296400-A904-4C98-9ADD-9A66DF63E50C}.Debug|x86.Build.0 = Debug|x86
		{89296400-A904-4C98-9ADD-9A66DF63E50C}.Release|Any CPU.ActiveCfg = Release|Any CPU
		{89296400-A904-4C98-9ADD-9A66DF63E50C}.Release|Any CPU.Build.0 = Release|Any CPU
		{89296400-A904-4C98-9ADD-9A66DF63E50C}.Release|x64.ActiveCfg = Release|x64
		{89296400-A904-4C98-9ADD-9A66DF63E50C}.Release|x64.Build.0 = Release|x64
		{89296400-A904-4C98-9ADD-9A66DF63E50C}.Release|x86.ActiveCfg = Release|x86
		{89296400-A904-4C98-9ADD-9A66DF63E50C}.Release|x86.Build.0 = Release|x86
		{BFBB3A92-2F0D-4891-AF1E-A1067E9A1857}.Debug|Any CPU.ActiveCfg = Debug|Any CPU
		{BFBB3A92-2F0D-4891-AF1E-A1067E9A1857}.Debug|Any CPU.Build.0 = Debug|Any CPU
		{BFBB3A92-2F0D-4891-AF1E-A1067E9A1857}.Debug|x64.ActiveCfg = Debug|Any CPU
		{BFBB3A92-2F0D-4891-AF1E-A1067E9A1857}.Debug|x64.Build.0 = Debug|Any CPU
		{BFBB3A92-2F0D-4891-AF1E-A1067E9A1857}.Debug|x86.ActiveCfg = Debug|Any CPU
		{BFBB3A92-2F0D-4891-AF1E-A1067E9A1857}.Debug|x86.Build.0 = Debug|Any CPU
		{BFBB3A92-2F0D-4891-AF1E-A1067E9A1857}.Release|Any CPU.ActiveCfg = Release|Any CPU
		{BFBB3A92-2F0D-4891-AF1E-A1067E9A1857}.Release|Any CPU.Build.0 = Release|Any CPU
		{BFBB3A92-2F0D-4891-AF1E-A1067E9A1857}.Release|x64.ActiveCfg = Release|Any CPU
		{BFBB3A92-2F0D-4891-AF1E-A1067E9A1857}.Release|x64.Build.0 = Release|Any CPU
		{BFBB3A92-2F0D-4891-AF1E-A1067E9A1857}.Release|x86.ActiveCfg = Release|Any CPU
		{BFBB3A92-2F0D-4891-AF1E-A1067E9A1857}.Release|x86.Build.0 = Release|Any CPU
	EndGlobalSection
	GlobalSection(SolutionProperties) = preSolution
		HideSolutionNode = FALSE
	EndGlobalSection
	GlobalSection(NestedProjects) = preSolution
		{465F890A-D16F-4DA9-99C2-A2135F971149} = {EC935BFF-053E-4F42-B5C3-0DD286C051EE}
		{89296400-A904-4C98-9ADD-9A66DF63E50C} = {EC935BFF-053E-4F42-B5C3-0DD286C051EE}
		{BFBB3A92-2F0D-4891-AF1E-A1067E9A1857} = {EC935BFF-053E-4F42-B5C3-0DD286C051EE}
	EndGlobalSection
EndGlobal
