Microsoft Visual Studio Solution File, Format Version 12.00
# Visual Studio 15
VisualStudioVersion = 15.0.26206.0
MinimumVisualStudioVersion = 15.0.26124.0
Project("{2150E333-8FDC-42A3-9474-1A3956D46DE8}") = "src", "src", "{EC935BFF-053E-4F42-B5C3-0DD286C051EE}"
EndProject
Project("{FAE04EC0-301F-11D3-BF4B-00C04F79EFBC}") = "Rastrum.Web", "src\Rastrum.Web\Rastrum.Web.csproj", "{465F890A-D16F-4DA9-99C2-A2135F971149}"
EndProject
Project("{E53339B2-1760-4266-BCC7-CA923CBCF16C}") = "docker-compose", "docker-compose.dcproj", "{BFBB3A92-2F0D-4891-AF1E-A1067E9A1857}"
EndProject
Project("{FAE04EC0-301F-11D3-BF4B-00C04F79EFBC}") = "Rastrum.Api", "src\Rastrum.Api\Rastrum.Api.csproj", "{867FC50C-0A19-4D88-920D-7E9CD0A4846C}"
EndProject
Project("{2150E333-8FDC-42A3-9474-1A3956D46DE8}") = "test", "test", "{C0080762-A673-439B-B007-70A6FCCDD062}"
EndProject
Project("{FAE04EC0-301F-11D3-BF4B-00C04F79EFBC}") = "Rastrum.Api.UnitTests", "test\Rastrum.Api.UnitTests\Rastrum.Api.UnitTests.csproj", "{EA3432F5-B870-477B-9A36-B95261AB0071}"
EndProject
Global
	GlobalSection(SolutionConfigurationPlatforms) = preSolution
		Debug|Any CPU = Debug|Any CPU
		Debug|x64 = Debug|x64
		Debug|x86 = Debug|x86
		Release|Any CPU = Release|Any CPU
		Release|x64 = Release|x64
		Release|x86 = Release|x86
	EndGlobalSection
	GlobalSection(ProjectConfigurationPlatforms) = postSolution
		{465F890A-D16F-4DA9-99C2-A2135F971149}.Debug|Any CPU.ActiveCfg = Debug|Any CPU
		{465F890A-D16F-4DA9-99C2-A2135F971149}.Debug|Any CPU.Build.0 = Debug|Any CPU
		{465F890A-D16F-4DA9-99C2-A2135F971149}.Debug|x64.ActiveCfg = Debug|x64
		{465F890A-D16F-4DA9-99C2-A2135F971149}.Debug|x64.Build.0 = Debug|x64
		{465F890A-D16F-4DA9-99C2-A2135F971149}.Debug|x86.ActiveCfg = Debug|x86
		{465F890A-D16F-4DA9-99C2-A2135F971149}.Debug|x86.Build.0 = Debug|x86
		{465F890A-D16F-4DA9-99C2-A2135F971149}.Release|Any CPU.ActiveCfg = Release|Any CPU
		{465F890A-D16F-4DA9-99C2-A2135F971149}.Release|Any CPU.Build.0 = Release|Any CPU
		{465F890A-D16F-4DA9-99C2-A2135F971149}.Release|x64.ActiveCfg = Release|x64
		{465F890A-D16F-4DA9-99C2-A2135F971149}.Release|x64.Build.0 = Release|x64
		{465F890A-D16F-4DA9-99C2-A2135F971149}.Release|x86.ActiveCfg = Release|x86
		{465F890A-D16F-4DA9-99C2-A2135F971149}.Release|x86.Build.0 = Release|x86
		{BFBB3A92-2F0D-4891-AF1E-A1067E9A1857}.Debug|Any CPU.ActiveCfg = Debug|Any CPU
		{BFBB3A92-2F0D-4891-AF1E-A1067E9A1857}.Debug|Any CPU.Build.0 = Debug|Any CPU
		{BFBB3A92-2F0D-4891-AF1E-A1067E9A1857}.Debug|x64.ActiveCfg = Debug|Any CPU
		{BFBB3A92-2F0D-4891-AF1E-A1067E9A1857}.Debug|x64.Build.0 = Debug|Any CPU
		{BFBB3A92-2F0D-4891-AF1E-A1067E9A1857}.Debug|x86.ActiveCfg = Debug|Any CPU
		{BFBB3A92-2F0D-4891-AF1E-A1067E9A1857}.Debug|x86.Build.0 = Debug|Any CPU
		{BFBB3A92-2F0D-4891-AF1E-A1067E9A1857}.Release|Any CPU.ActiveCfg = Release|Any CPU
		{BFBB3A92-2F0D-4891-AF1E-A1067E9A1857}.Release|Any CPU.Build.0 = Release|Any CPU
		{BFBB3A92-2F0D-4891-AF1E-A1067E9A1857}.Release|x64.ActiveCfg = Release|Any CPU
		{BFBB3A92-2F0D-4891-AF1E-A1067E9A1857}.Release|x64.Build.0 = Release|Any CPU
		{BFBB3A92-2F0D-4891-AF1E-A1067E9A1857}.Release|x86.ActiveCfg = Release|Any CPU
		{BFBB3A92-2F0D-4891-AF1E-A1067E9A1857}.Release|x86.Build.0 = Release|Any CPU
		{867FC50C-0A19-4D88-920D-7E9CD0A4846C}.Debug|Any CPU.ActiveCfg = Debug|Any CPU
		{867FC50C-0A19-4D88-920D-7E9CD0A4846C}.Debug|Any CPU.Build.0 = Debug|Any CPU
		{867FC50C-0A19-4D88-920D-7E9CD0A4846C}.Debug|x64.ActiveCfg = Debug|Any CPU
		{867FC50C-0A19-4D88-920D-7E9CD0A4846C}.Debug|x64.Build.0 = Debug|Any CPU
		{867FC50C-0A19-4D88-920D-7E9CD0A4846C}.Debug|x86.ActiveCfg = Debug|Any CPU
		{867FC50C-0A19-4D88-920D-7E9CD0A4846C}.Debug|x86.Build.0 = Debug|Any CPU
		{867FC50C-0A19-4D88-920D-7E9CD0A4846C}.Release|Any CPU.ActiveCfg = Release|Any CPU
		{867FC50C-0A19-4D88-920D-7E9CD0A4846C}.Release|Any CPU.Build.0 = Release|Any CPU
		{867FC50C-0A19-4D88-920D-7E9CD0A4846C}.Release|x64.ActiveCfg = Release|Any CPU
		{867FC50C-0A19-4D88-920D-7E9CD0A4846C}.Release|x64.Build.0 = Release|Any CPU
		{867FC50C-0A19-4D88-920D-7E9CD0A4846C}.Release|x86.ActiveCfg = Release|Any CPU
		{867FC50C-0A19-4D88-920D-7E9CD0A4846C}.Release|x86.Build.0 = Release|Any CPU
		{EA3432F5-B870-477B-9A36-B95261AB0071}.Debug|Any CPU.ActiveCfg = Debug|Any CPU
		{EA3432F5-B870-477B-9A36-B95261AB0071}.Debug|Any CPU.Build.0 = Debug|Any CPU
		{EA3432F5-B870-477B-9A36-B95261AB0071}.Debug|x64.ActiveCfg = Debug|Any CPU
		{EA3432F5-B870-477B-9A36-B95261AB0071}.Debug|x64.Build.0 = Debug|Any CPU
		{EA3432F5-B870-477B-9A36-B95261AB0071}.Debug|x86.ActiveCfg = Debug|Any CPU
		{EA3432F5-B870-477B-9A36-B95261AB0071}.Debug|x86.Build.0 = Debug|Any CPU
		{EA3432F5-B870-477B-9A36-B95261AB0071}.Release|Any CPU.ActiveCfg = Release|Any CPU
		{EA3432F5-B870-477B-9A36-B95261AB0071}.Release|Any CPU.Build.0 = Release|Any CPU
		{EA3432F5-B870-477B-9A36-B95261AB0071}.Release|x64.ActiveCfg = Release|Any CPU
		{EA3432F5-B870-477B-9A36-B95261AB0071}.Release|x64.Build.0 = Release|Any CPU
		{EA3432F5-B870-477B-9A36-B95261AB0071}.Release|x86.ActiveCfg = Release|Any CPU
		{EA3432F5-B870-477B-9A36-B95261AB0071}.Release|x86.Build.0 = Release|Any CPU
	EndGlobalSection
	GlobalSection(SolutionProperties) = preSolution
		HideSolutionNode = FALSE
	EndGlobalSection
	GlobalSection(NestedProjects) = preSolution
		{465F890A-D16F-4DA9-99C2-A2135F971149} = {EC935BFF-053E-4F42-B5C3-0DD286C051EE}
		{BFBB3A92-2F0D-4891-AF1E-A1067E9A1857} = {EC935BFF-053E-4F42-B5C3-0DD286C051EE}
		{867FC50C-0A19-4D88-920D-7E9CD0A4846C} = {EC935BFF-053E-4F42-B5C3-0DD286C051EE}
		{EA3432F5-B870-477B-9A36-B95261AB0071} = {C0080762-A673-439B-B007-70A6FCCDD062}
	EndGlobalSection
EndGlobal
